{
  "version": 4,
  "terraform_version": "1.10.4",
  "serial": 49,
  "lineage": "63a0d84a-1129-9c06-cdc1-860ae6b3fe71",
  "outputs": {
    "ruleset_ids": {
      "value": {
        "repo1": "3740782"
      },
      "type": [
        "object",
        {
          "repo1": "string"
        }
      ]
    }
  },
  "resources": [
    {
      "module": "module.branch_protection[\"repo1\"]",
      "mode": "data",
      "type": "github_repository",
      "name": "this",
      "provider": "provider[\"registry.terraform.io/hashicorp/github\"]",
      "instances": [
        {
          "index_key": "0100",
          "schema_version": 0,
          "attributes": {
            "allow_auto_merge": false,
            "allow_merge_commit": true,
            "allow_rebase_merge": true,
            "allow_squash_merge": true,
            "allow_update_branch": false,
            "archived": false,
            "default_branch": "main",
            "delete_branch_on_merge": false,
            "description": "test repo delete it",
            "fork": false,
            "full_name": "satyagilegitbytes/0100",
            "git_clone_url": "git://github.com/satyagilegitbytes/0100.git",
            "has_discussions": false,
            "has_downloads": true,
            "has_issues": true,
            "has_projects": true,
            "has_wiki": false,
            "homepage_url": "",
            "html_url": "https://github.com/satyagilegitbytes/0100",
            "http_clone_url": "https://github.com/satyagilegitbytes/0100.git",
            "id": "0100",
            "is_template": false,
            "merge_commit_message": "PR_TITLE",
            "merge_commit_title": "MERGE_MESSAGE",
            "name": "0100",
            "node_id": "R_kgDON334rQ",
            "pages": [],
            "primary_language": "",
            "private": false,
            "repo_id": 931002541,
            "repository_license": [],
            "squash_merge_commit_message": "COMMIT_MESSAGES",
            "squash_merge_commit_title": "COMMIT_OR_PR_TITLE",
            "ssh_clone_url": "git@github.com:satyagilegitbytes/0100.git",
            "svn_url": "https://github.com/satyagilegitbytes/0100",
            "template": [],
            "topics": [],
            "visibility": "public"
          },
          "sensitive_attributes": []
        }
      ]
    },
    {
      "module": "module.branch_protection[\"repo1\"]",
      "mode": "managed",
      "type": "github_branch_protection",
      "name": "this",
      "provider": "provider[\"registry.terraform.io/hashicorp/github\"]",
      "instances": [
        {
          "index_key": "dev",
          "schema_version": 2,
          "attributes": {
            "allows_deletions": false,
            "allows_force_pushes": false,
            "enforce_admins": true,
            "force_push_bypassers": [],
            "id": "BPR_kwDON334rc4DkEr7",
            "lock_branch": false,
            "pattern": "dev",
            "repository_id": "0100",
            "require_conversation_resolution": false,
            "require_signed_commits": false,
            "required_linear_history": false,
            "required_pull_request_reviews": [
              {
                "dismiss_stale_reviews": false,
                "dismissal_restrictions": [],
                "pull_request_bypassers": [],
                "require_code_owner_reviews": true,
                "require_last_push_approval": false,
                "required_approving_review_count": 2,
                "restrict_dismissals": false
              }
            ],
            "required_status_checks": [
              {
                "contexts": [
                  "ci/build",
                  "ci/test"
                ],
                "strict": true
              }
            ],
            "restrict_pushes": []
          },
          "sensitive_attributes": [],
          "private": "eyJzY2hlbWFfdmVyc2lvbiI6IjIifQ==",
          "dependencies": [
            "module.branch_protection.data.github_repository.this"
          ]
        },
        {
          "index_key": "main",
          "schema_version": 2,
          "attributes": {
            "allows_deletions": false,
            "allows_force_pushes": false,
            "enforce_admins": true,
            "force_push_bypassers": [],
            "id": "BPR_kwDON334rc4DkEr4",
            "lock_branch": false,
            "pattern": "main",
            "repository_id": "0100",
            "require_conversation_resolution": false,
            "require_signed_commits": false,
            "required_linear_history": false,
            "required_pull_request_reviews": [
              {
                "dismiss_stale_reviews": false,
                "dismissal_restrictions": [],
                "pull_request_bypassers": [],
                "require_code_owner_reviews": true,
                "require_last_push_approval": false,
                "required_approving_review_count": 2,
                "restrict_dismissals": false
              }
            ],
            "required_status_checks": [
              {
                "contexts": [
                  "ci/build",
                  "ci/test"
                ],
                "strict": true
              }
            ],
            "restrict_pushes": []
          },
          "sensitive_attributes": [],
          "private": "eyJzY2hlbWFfdmVyc2lvbiI6IjIifQ==",
          "dependencies": [
            "module.branch_protection.data.github_repository.this"
          ]
        }
      ]
    },
    {
      "module": "module.repo_rulesets[\"repo1\"]",
      "mode": "managed",
      "type": "github_repository_ruleset",
      "name": "rules",
      "provider": "provider[\"registry.terraform.io/hashicorp/github\"]",
      "instances": [
        {
          "schema_version": 1,
          "attributes": {
            "bypass_actors": [],
            "conditions": [
              {
                "ref_name": [
                  {
                    "exclude": [],
                    "include": [
                      "refs/heads/main",
                      "refs/heads/dev"
                    ]
                  }
                ]
              }
            ],
            "enforcement": "active",
            "etag": "W/\"3e8b83822f133c002fbb51fa82076442b569961e973a0b73a5fa425474d6dfb2\"",
            "id": "3740782",
            "name": "Branch Protection Rules",
            "node_id": "RRS_lACqUmVwb3NpdG9yec43ffitzgA5FG4",
            "repository": "0100",
            "rules": [
              {
                "branch_name_pattern": [],
                "commit_author_email_pattern": [],
                "commit_message_pattern": [],
                "committer_email_pattern": [],
                "creation": true,
                "deletion": false,
                "non_fast_forward": true,
                "pull_request": [
                  {
                    "dismiss_stale_reviews_on_push": false,
                    "require_code_owner_review": false,
                    "require_last_push_approval": false,
                    "required_approving_review_count": 0,
                    "required_review_thread_resolution": false
                  }
                ],
                "required_code_scanning": [],
                "required_deployments": [],
                "required_linear_history": false,
                "required_signatures": false,
                "required_status_checks": [
                  {
                    "do_not_enforce_on_create": false,
                    "required_check": [
                      {
                        "context": "ci/build",
                        "integration_id": 0
                      },
                      {
                        "context": "ci/test",
                        "integration_id": 0
                      }
                    ],
                    "strict_required_status_checks_policy": false
                  }
                ],
                "tag_name_pattern": [],
                "update": true,
                "update_allows_fetch_and_merge": false
              }
            ],
            "ruleset_id": 3740782,
            "target": "branch"
          },
          "sensitive_attributes": [],
          "private": "eyJzY2hlbWFfdmVyc2lvbiI6IjEifQ=="
        }
      ]
    }
  ],
  "check_results": null
}
